// !$*UTF8*$!
{
	archiveVersion = 1;
	classes = {
	};
	objectVersion = 48;
	objects = {

/* Begin PBXBuildFile section */
		A48C16F9204CF426001E0650 /* AppDelegate.swift in Sources */ = {isa = PBXBuildFile; fileRef = A48C16F8204CF426001E0650 /* AppDelegate.swift */; };
		A48C16FB204CF426001E0650 /* ViewController.swift in Sources */ = {isa = PBXBuildFile; fileRef = A48C16FA204CF426001E0650 /* ViewController.swift */; };
		A48C16FE204CF426001E0650 /* Main.storyboard in Resources */ = {isa = PBXBuildFile; fileRef = A48C16FC204CF426001E0650 /* Main.storyboard */; };
		A48C1700204CF426001E0650 /* Assets.xcassets in Resources */ = {isa = PBXBuildFile; fileRef = A48C16FF204CF426001E0650 /* Assets.xcassets */; };
		A48C1703204CF426001E0650 /* LaunchScreen.storyboard in Resources */ = {isa = PBXBuildFile; fileRef = A48C1701204CF426001E0650 /* LaunchScreen.storyboard */; };
		A48C170E204CF426001E0650 /* Cal_Tests.swift in Sources */ = {isa = PBXBuildFile; fileRef = A48C170D204CF426001E0650 /* Cal_Tests.swift */; };
		A48C1719204CF427001E0650 /* Cal_UITests.swift in Sources */ = {isa = PBXBuildFile; fileRef = A48C1718204CF427001E0650 /* Cal_UITests.swift */; };
		A48C1727204D8422001E0650 /* RoundButton.swift in Sources */ = {isa = PBXBuildFile; fileRef = A48C1726204D8422001E0650 /* RoundButton.swift */; };
		A48C1729204D843E001E0650 /* CalModel.swift in Sources */ = {isa = PBXBuildFile; fileRef = A48C1728204D843E001E0650 /* CalModel.swift */; };
/* End PBXBuildFile section */

/* Begin PBXContainerItemProxy section */
		A48C170A204CF426001E0650 /* PBXContainerItemProxy */ = {
			isa = PBXContainerItemProxy;
			containerPortal = A48C16ED204CF426001E0650 /* Project object */;
			proxyType = 1;
			remoteGlobalIDString = A48C16F4204CF426001E0650;
			remoteInfo = "Cal+";
		};
		A48C1715204CF427001E0650 /* PBXContainerItemProxy */ = {
			isa = PBXContainerItemProxy;
			containerPortal = A48C16ED204CF426001E0650 /* Project object */;
			proxyType = 1;
			remoteGlobalIDString = A48C16F4204CF426001E0650;
			remoteInfo = "Cal+";
		};
/* End PBXContainerItemProxy section */

/* Begin PBXFileReference section */
		A48C16F5204CF426001E0650 /* Cal+.app */ = {isa = PBXFileReference; explicitFileType = wrapper.application; includeInIndex = 0; path = "Cal+.app"; sourceTree = BUILT_PRODUCTS_DIR; };
		A48C16F8204CF426001E0650 /* AppDelegate.swift */ = {isa = PBXFileReference; lastKnownFileType = sourcecode.swift; path = AppDelegate.swift; sourceTree = "<group>"; };
		A48C16FA204CF426001E0650 /* ViewController.swift */ = {isa = PBXFileReference; lastKnownFileType = sourcecode.swift; path = ViewController.swift; sourceTree = "<group>"; };
		A48C16FD204CF426001E0650 /* Base */ = {isa = PBXFileReference; lastKnownFileType = file.storyboard; name = Base; path = Base.lproj/Main.storyboard; sourceTree = "<group>"; };
		A48C16FF204CF426001E0650 /* Assets.xcassets */ = {isa = PBXFileReference; lastKnownFileType = folder.assetcatalog; path = Assets.xcassets; sourceTree = "<group>"; };
		A48C1702204CF426001E0650 /* Base */ = {isa = PBXFileReference; lastKnownFileType = file.storyboard; name = Base; path = Base.lproj/LaunchScreen.storyboard; sourceTree = "<group>"; };
		A48C1704204CF426001E0650 /* Info.plist */ = {isa = PBXFileReference; lastKnownFileType = text.plist.xml; path = Info.plist; sourceTree = "<group>"; };
		A48C1709204CF426001E0650 /* Cal+Tests.xctest */ = {isa = PBXFileReference; explicitFileType = wrapper.cfbundle; includeInIndex = 0; path = "Cal+Tests.xctest"; sourceTree = BUILT_PRODUCTS_DIR; };
		A48C170D204CF426001E0650 /* Cal_Tests.swift */ = {isa = PBXFileReference; lastKnownFileType = sourcecode.swift; path = Cal_Tests.swift; sourceTree = "<group>"; };
		A48C170F204CF426001E0650 /* Info.plist */ = {isa = PBXFileReference; lastKnownFileType = text.plist.xml; path = Info.plist; sourceTree = "<group>"; };
		A48C1714204CF427001E0650 /* Cal+UITests.xctest */ = {isa = PBXFileReference; explicitFileType = wrapper.cfbundle; includeInIndex = 0; path = "Cal+UITests.xctest"; sourceTree = BUILT_PRODUCTS_DIR; };
		A48C1718204CF427001E0650 /* Cal_UITests.swift */ = {isa = PBXFileReference; lastKnownFileType = sourcecode.swift; path = Cal_UITests.swift; sourceTree = "<group>"; };
		A48C171A204CF427001E0650 /* Info.plist */ = {isa = PBXFileReference; lastKnownFileType = text.plist.xml; path = Info.plist; sourceTree = "<group>"; };
		A48C1726204D8422001E0650 /* RoundButton.swift */ = {isa = PBXFileReference; lastKnownFileType = sourcecode.swift; path = RoundButton.swift; sourceTree = "<group>"; };
		A48C1728204D843E001E0650 /* CalModel.swift */ = {isa = PBXFileReference; lastKnownFileType = sourcecode.swift; path = CalModel.swift; sourceTree = "<group>"; };
/* End PBXFileReference section */

/* Begin PBXFrameworksBuildPhase section */
		A48C16F2204CF426001E0650 /* Frameworks */ = {
			isa = PBXFrameworksBuildPhase;
			buildActionMask = 2147483647;
			files = (
			);
			runOnlyForDeploymentPostprocessing = 0;
		};
		A48C1706204CF426001E0650 /* Frameworks */ = {
			isa = PBXFrameworksBuildPhase;
			buildActionMask = 2147483647;
			files = (
			);
			runOnlyForDeploymentPostprocessing = 0;
		};
		A48C1711204CF427001E0650 /* Frameworks */ = {
			isa = PBXFrameworksBuildPhase;
			buildActionMask = 2147483647;
			files = (
			);
			runOnlyForDeploymentPostprocessing = 0;
		};
/* End PBXFrameworksBuildPhase section */

/* Begin PBXGroup section */
		A48C16EC204CF426001E0650 = {
			isa = PBXGroup;
			children = (
				A48C16F7204CF426001E0650 /* Cal+ */,
				A48C170C204CF426001E0650 /* Cal+Tests */,
				A48C1717204CF427001E0650 /* Cal+UITests */,
				A48C16F6204CF426001E0650 /* Products */,
			);
			sourceTree = "<group>";
		};
		A48C16F6204CF426001E0650 /* Products */ = {
			isa = PBXGroup;
			children = (
				A48C16F5204CF426001E0650 /* Cal+.app */,
				A48C1709204CF426001E0650 /* Cal+Tests.xctest */,
				A48C1714204CF427001E0650 /* Cal+UITests.xctest */,
			);
			name = Products;
			sourceTree = "<group>";
		};
		A48C16F7204CF426001E0650 /* Cal+ */ = {
			isa = PBXGroup;
			children = (
				A48C16F8204CF426001E0650 /* AppDelegate.swift */,
				A48C1726204D8422001E0650 /* RoundButton.swift */,
				A48C1728204D843E001E0650 /* CalModel.swift */,
				A48C16FA204CF426001E0650 /* ViewController.swift */,
				A48C16FC204CF426001E0650 /* Main.storyboard */,
				A48C16FF204CF426001E0650 /* Assets.xcassets */,
				A48C1701204CF426001E0650 /* LaunchScreen.storyboard */,
				A48C1704204CF426001E0650 /* Info.plist */,
			);
			path = "Cal+";
			sourceTree = "<group>";
		};
		A48C170C204CF426001E0650 /* Cal+Tests */ = {
			isa = PBXGroup;
			children = (
				A48C170D204CF426001E0650 /* Cal_Tests.swift */,
				A48C170F204CF426001E0650 /* Info.plist */,
			);
			path = "Cal+Tests";
			sourceTree = "<group>";
		};
		A48C1717204CF427001E0650 /* Cal+UITests */ = {
			isa = PBXGroup;
			children = (
				A48C1718204CF427001E0650 /* Cal_UITests.swift */,
				A48C171A204CF427001E0650 /* Info.plist */,
			);
			path = "Cal+UITests";
			sourceTree = "<group>";
		};
/* End PBXGroup section */

/* Begin PBXNativeTarget section */
		A48C16F4204CF426001E0650 /* Cal+ */ = {
			isa = PBXNativeTarget;
			buildConfigurationList = A48C171D204CF427001E0650 /* Build configuration list for PBXNativeTarget "Cal+" */;
			buildPhases = (
				A48C16F1204CF426001E0650 /* Sources */,
				A48C16F2204CF426001E0650 /* Frameworks */,
				A48C16F3204CF426001E0650 /* Resources */,
			);
			buildRules = (
			);
			dependencies = (
			);
			name = "Cal+";
			productName = "Cal+";
			productReference = A48C16F5204CF426001E0650 /* Cal+.app */;
			productType = "com.apple.product-type.application";
		};
		A48C1708204CF426001E0650 /* Cal+Tests */ = {
			isa = PBXNativeTarget;
			buildConfigurationList = A48C1720204CF427001E0650 /* Build configuration list for PBXNativeTarget "Cal+Tests" */;
			buildPhases = (
				A48C1705204CF426001E0650 /* Sources */,
				A48C1706204CF426001E0650 /* Frameworks */,
				A48C1707204CF426001E0650 /* Resources */,
			);
			buildRules = (
			);
			dependencies = (
				A48C170B204CF426001E0650 /* PBXTargetDependency */,
			);
			name = "Cal+Tests";
			productName = "Cal+Tests";
			productReference = A48C1709204CF426001E0650 /* Cal+Tests.xctest */;
			productType = "com.apple.product-type.bundle.unit-test";
		};
		A48C1713204CF427001E0650 /* Cal+UITests */ = {
			isa = PBXNativeTarget;
			buildConfigurationList = A48C1723204CF427001E0650 /* Build configuration list for PBXNativeTarget "Cal+UITests" */;
			buildPhases = (
				A48C1710204CF427001E0650 /* Sources */,
				A48C1711204CF427001E0650 /* Frameworks */,
				A48C1712204CF427001E0650 /* Resources */,
			);
			buildRules = (
			);
			dependencies = (
				A48C1716204CF427001E0650 /* PBXTargetDependency */,
			);
			name = "Cal+UITests";
			productName = "Cal+UITests";
			productReference = A48C1714204CF427001E0650 /* Cal+UITests.xctest */;
			productType = "com.apple.product-type.bundle.ui-testing";
		};
/* End PBXNativeTarget section */

/* Begin PBXProject section */
		A48C16ED204CF426001E0650 /* Project object */ = {
			isa = PBXProject;
			attributes = {
				LastSwiftUpdateCheck = 0920;
				LastUpgradeCheck = 0920;
				ORGANIZATIONNAME = "MOBILE PRO";
				TargetAttributes = {
					A48C16F4204CF426001E0650 = {
						CreatedOnToolsVersion = 9.2;
						ProvisioningStyle = Automatic;
					};
					A48C1708204CF426001E0650 = {
						CreatedOnToolsVersion = 9.2;
						ProvisioningStyle = Automatic;
						TestTargetID = A48C16F4204CF426001E0650;
					};
					A48C1713204CF427001E0650 = {
						CreatedOnToolsVersion = 9.2;
						ProvisioningStyle = Automatic;
						TestTargetID = A48C16F4204CF426001E0650;
					};
				};
			};
			buildConfigurationList = A48C16F0204CF426001E0650 /* Build configuration list for PBXProject "Cal+" */;
			compatibilityVersion = "Xcode 8.0";
			developmentRegion = en;
			hasScannedForEncodings = 0;
			knownRegions = (
				en,
				Base,
			);
			mainGroup = A48C16EC204CF426001E0650;
			productRefGroup = A48C16F6204CF426001E0650 /* Products */;
			projectDirPath = "";
			projectRoot = "";
			targets = (
				A48C16F4204CF426001E0650 /* Cal+ */,
				A48C1708204CF426001E0650 /* Cal+Tests */,
				A48C1713204CF427001E0650 /* Cal+UITests */,
			);
		};
/* End PBXProject section */

/* Begin PBXResourcesBuildPhase section */
		A48C16F3204CF426001E0650 /* Resources */ = {
			isa = PBXResourcesBuildPhase;
			buildActionMask = 2147483647;
			files = (
				A48C1703204CF426001E0650 /* LaunchScreen.storyboard in Resources */,
				A48C1700204CF426001E0650 /* Assets.xcassets in Resources */,
				A48C16FE204CF426001E0650 /* Main.storyboard in Resources */,
			);
			runOnlyForDeploymentPostprocessing = 0;
		};
		A48C1707204CF426001E0650 /* Resources */ = {
			isa = PBXResourcesBuildPhase;
			buildActionMask = 2147483647;
			files = (
			);
			runOnlyForDeploymentPostprocessing = 0;
		};
		A48C1712204CF427001E0650 /* Resources */ = {
			isa = PBXResourcesBuildPhase;
			buildActionMask = 2147483647;
			files = (
			);
			runOnlyForDeploymentPostprocessing = 0;
		};
/* End PBXResourcesBuildPhase section */

/* Begin PBXSourcesBuildPhase section */
		A48C16F1204CF426001E0650 /* Sources */ = {
			isa = PBXSourcesBuildPhase;
			buildActionMask = 2147483647;
			files = (
				A48C1727204D8422001E0650 /* RoundButton.swift in Sources */,
				A48C16FB204CF426001E0650 /* ViewController.swift in Sources */,
				A48C1729204D843E001E0650 /* CalModel.swift in Sources */,
				A48C16F9204CF426001E0650 /* AppDelegate.swift in Sources */,
			);
			runOnlyForDeploymentPostprocessing = 0;
		};
		A48C1705204CF426001E0650 /* Sources */ = {
			isa = PBXSourcesBuildPhase;
			buildActionMask = 2147483647;
			files = (
				A48C170E204CF426001E0650 /* Cal_Tests.swift in Sources */,
			);
			runOnlyForDeploymentPostprocessing = 0;
		};
		A48C1710204CF427001E0650 /* Sources */ = {
			isa = PBXSourcesBuildPhase;
			buildActionMask = 2147483647;
			files = (
				A48C1719204CF427001E0650 /* Cal_UITests.swift in Sources */,
			);
			runOnlyForDeploymentPostprocessing = 0;
		};
/* End PBXSourcesBuildPhase section */

/* Begin PBXTargetDependency section */
		A48C170B204CF426001E0650 /* PBXTargetDependency */ = {
			isa = PBXTargetDependency;
			target = A48C16F4204CF426001E0650 /* Cal+ */;
			targetProxy = A48C170A204CF426001E0650 /* PBXContainerItemProxy */;
		};
		A48C1716204CF427001E0650 /* PBXTargetDependency */ = {
			isa = PBXTargetDependency;
			target = A48C16F4204CF426001E0650 /* Cal+ */;
			targetProxy = A48C1715204CF427001E0650 /* PBXContainerItemProxy */;
		};
/* End PBXTargetDependency section */

/* Begin PBXVariantGroup section */
		A48C16FC204CF426001E0650 /* Main.storyboard */ = {
			isa = PBXVariantGroup;
			children = (
				A48C16FD204CF426001E0650 /* Base */,
			);
			name = Main.storyboard;
			sourceTree = "<group>";
		};
		A48C1701204CF426001E0650 /* LaunchScreen.storyboard */ = {
			isa = PBXVariantGroup;
			children = (
				A48C1702204CF426001E0650 /* Base */,
			);
			name = LaunchScreen.storyboard;
			sourceTree = "<group>";
		};
/* End PBXVariantGroup section */

/* Begin XCBuildConfiguration section */
		A48C171B204CF427001E0650 /* Debug */ = {
			isa = XCBuildConfiguration;
			buildSettings = {
				ALWAYS_SEARCH_USER_PATHS = NO;
				CLANG_ANALYZER_NONNULL = YES;
				CLANG_ANALYZER_NUMBER_OBJECT_CONVERSION = YES_AGGRESSIVE;
				CLANG_CXX_LANGUAGE_STANDARD = "gnu++14";
				CLANG_CXX_LIBRARY = "libc++";
				CLANG_ENABLE_MODULES = YES;
				CLANG_ENABLE_OBJC_ARC = YES;
				CLANG_WARN_BLOCK_CAPTURE_AUTORELEASING = YES;
				CLANG_WARN_BOOL_CONVERSION = YES;
				CLANG_WARN_COMMA = YES;
				CLANG_WARN_CONSTANT_CONVERSION = YES;
				CLANG_WARN_DIRECT_OBJC_ISA_USAGE = YES_ERROR;
				CLANG_WARN_DOCUMENTATION_COMMENTS = YES;
				CLANG_WARN_EMPTY_BODY = YES;
				CLANG_WARN_ENUM_CONVERSION = YES;
				CLANG_WARN_INFINITE_RECURSION = YES;
				CLANG_WARN_INT_CONVERSION = YES;
				CLANG_WARN_NON_LITERAL_NULL_CONVERSION = YES;
				CLANG_WARN_OBJC_LITERAL_CONVERSION = YES;
				CLANG_WARN_OBJC_ROOT_CLASS = YES_ERROR;
				CLANG_WARN_RANGE_LOOP_ANALYSIS = YES;
				CLANG_WARN_STRICT_PROTOTYPES = YES;
				CLANG_WARN_SUSPICIOUS_MOVE = YES;
				CLANG_WARN_UNGUARDED_AVAILABILITY = YES_AGGRESSIVE;
				CLANG_WARN_UNREACHABLE_CODE = YES;
				CLANG_WARN__DUPLICATE_METHOD_MATCH = YES;
				CODE_SIGN_IDENTITY = "iPhone Developer";
				COPY_PHASE_STRIP = NO;
				DEBUG_INFORMATION_FORMAT = dwarf;
				ENABLE_STRICT_OBJC_MSGSEND = YES;
				ENABLE_TESTABILITY = YES;
				GCC_C_LANGUAGE_STANDARD = gnu11;
				GCC_DYNAMIC_NO_PIC = NO;
				GCC_NO_COMMON_BLOCKS = YES;
				GCC_OPTIMIZATION_LEVEL = 0;
				GCC_PREPROCESSOR_DEFINITIONS = (
					"DEBUG=1",
					"$(inherited)",
				);
				GCC_WARN_64_TO_32_BIT_CONVERSION = YES;
				GCC_WARN_ABOUT_RETURN_TYPE = YES_ERROR;
				GCC_WARN_UNDECLARED_SELECTOR = YES;
				GCC_WARN_UNINITIALIZED_AUTOS = YES_AGGRESSIVE;
				GCC_WARN_UNUSED_FUNCTION = YES;
				GCC_WARN_UNUSED_VARIABLE = YES;
				IPHONEOS_DEPLOYMENT_TARGET = 11.2;
				MTL_ENABLE_DEBUG_INFO = YES;
				ONLY_ACTIVE_ARCH = YES;
				SDKROOT = iphoneos;
				SWIFT_ACTIVE_COMPILATION_CONDITIONS = DEBUG;
				SWIFT_OPTIMIZATION_LEVEL = "-Onone";
			};
			name = Debug;
		};
		A48C171C204CF427001E0650 /* Release */ = {
			isa = XCBuildConfiguration;
			buildSettings = {
				ALWAYS_SEARCH_USER_PATHS = NO;
				CLANG_ANALYZER_NONNULL = YES;
				CLANG_ANALYZER_NUMBER_OBJECT_CONVERSION = YES_AGGRESSIVE;
				CLANG_CXX_LANGUAGE_STANDARD = "gnu++14";
				CLANG_CXX_LIBRARY = "libc++";
				CLANG_ENABLE_MODULES = YES;
				CLANG_ENABLE_OBJC_ARC = YES;
				CLANG_WARN_BLOCK_CAPTURE_AUTORELEASING = YES;
				CLANG_WARN_BOOL_CONVERSION = YES;
				CLANG_WARN_COMMA = YES;
				CLANG_WARN_CONSTANT_CONVERSION = YES;
				CLANG_WARN_DIRECT_OBJC_ISA_USAGE = YES_ERROR;
				CLANG_WARN_DOCUMENTATION_COMMENTS = YES;
				CLANG_WARN_EMPTY_BODY = YES;
				CLANG_WARN_ENUM_CONVERSION = YES;
				CLANG_WARN_INFINITE_RECURSION = YES;
				CLANG_WARN_INT_CONVERSION = YES;
				CLANG_WARN_NON_LITERAL_NULL_CONVERSION = YES;
				CLANG_WARN_OBJC_LITERAL_CONVERSION = YES;
				CLANG_WARN_OBJC_ROOT_CLASS = YES_ERROR;
				CLANG_WARN_RANGE_LOOP_ANALYSIS = YES;
				CLANG_WARN_STRICT_PROTOTYPES = YES;
				CLANG_WARN_SUSPICIOUS_MOVE = YES;
				CLANG_WARN_UNGUARDED_AVAILABILITY = YES_AGGRESSIVE;
				CLANG_WARN_UNREACHABLE_CODE = YES;
				CLANG_WARN__DUPLICATE_METHOD_MATCH = YES;
				CODE_SIGN_IDENTITY = "iPhone Developer";
				COPY_PHASE_STRIP = NO;
				DEBUG_INFORMATION_FORMAT = "dwarf-with-dsym";
				ENABLE_NS_ASSERTIONS = NO;
				ENABLE_STRICT_OBJC_MSGSEND = YES;
				GCC_C_LANGUAGE_STANDARD = gnu11;
				GCC_NO_COMMON_BLOCKS = YES;
				GCC_WARN_64_TO_32_BIT_CONVERSION = YES;
				GCC_WARN_ABOUT_RETURN_TYPE = YES_ERROR;
				GCC_WARN_UNDECLARED_SELECTOR = YES;
				GCC_WARN_UNINITIALIZED_AUTOS = YES_AGGRESSIVE;
				GCC_WARN_UNUSED_FUNCTION = YES;
				GCC_WARN_UNUSED_VARIABLE = YES;
				IPHONEOS_DEPLOYMENT_TARGET = 11.2;
				MTL_ENABLE_DEBUG_INFO = NO;
				SDKROOT = iphoneos;
				SWIFT_OPTIMIZATION_LEVEL = "-Owholemodule";
				VALIDATE_PRODUCT = YES;
			};
			name = Release;
		};
		A48C171E204CF427001E0650 /* Debug */ = {
			isa = XCBuildConfiguration;
			buildSettings = {
				ASSETCATALOG_COMPILER_APPICON_NAME = AppIcon;
				CODE_SIGN_STYLE = Automatic;
				DEVELOPMENT_TEAM = NX3GP68LHV;
				INFOPLIST_FILE = "Cal+/Info.plist";
				LD_RUNPATH_SEARCH_PATHS = "$(inherited) @executable_path/Frameworks";
				PRODUCT_BUNDLE_IDENTIFIER = "edu.hofstra.HugoRenzzo.Cal-";
				PRODUCT_NAME = "$(TARGET_NAME)";
				SWIFT_VERSION = 4.0;
				TARGETED_DEVICE_FAMILY = "1,2";
			};
			name = Debug;
		};
		A48C171F204CF427001E0650 /* Release */ = {
			isa = XCBuildConfiguration;
			buildSettings = {
				ASSETCATALOG_COMPILER_APPICON_NAME = AppIcon;
				CODE_SIGN_STYLE = Automatic;
				DEVELOPMENT_TEAM = NX3GP68LHV;
				INFOPLIST_FILE = "Cal+/Info.plist";
				LD_RUNPATH_SEARCH_PATHS = "$(inherited) @executable_path/Frameworks";
				PRODUCT_BUNDLE_IDENTIFIER = "edu.hofstra.HugoRenzzo.Cal-";
				PRODUCT_NAME = "$(TARGET_NAME)";
				SWIFT_VERSION = 4.0;
				TARGETED_DEVICE_FAMILY = "1,2";
			};
			name = Release;
		};
		A48C1721204CF427001E0650 /* Debug */ = {
			isa = XCBuildConfiguration;
			buildSettings = {
				ALWAYS_EMBED_SWIFT_STANDARD_LIBRARIES = YES;
				BUNDLE_LOADER = "$(TEST_HOST)";
				CODE_SIGN_STYLE = Automatic;
				DEVELOPMENT_TEAM = NX3GP68LHV;
				INFOPLIST_FILE = "Cal+Tests/Info.plist";
				LD_RUNPATH_SEARCH_PATHS = "$(inherited) @executable_path/Frameworks @loader_path/Frameworks";
				PRODUCT_BUNDLE_IDENTIFIER = "edu.hofstra.HugoRenzzo.Cal-Tests";
				PRODUCT_NAME = "$(TARGET_NAME)";
				SWIFT_VERSION = 4.0;
				TARGETED_DEVICE_FAMILY = "1,2";
				TEST_HOST = "$(BUILT_PRODUCTS_DIR)/Cal+.app/Cal+";
			};
			name = Debug;
		};
		A48C1722204CF427001E0650 /* Release */ = {
			isa = XCBuildConfiguration;
			buildSettings = {
				ALWAYS_EMBED_SWIFT_STANDARD_LIBRARIES = YES;
				BUNDLE_LOADER = "$(TEST_HOST)";
				CODE_SIGN_STYLE = Automatic;
				DEVELOPMENT_TEAM = NX3GP68LHV;
				INFOPLIST_FILE = "Cal+Tests/Info.plist";
				LD_RUNPATH_SEARCH_PATHS = "$(inherited) @executable_path/Frameworks @loader_path/Frameworks";
				PRODUCT_BUNDLE_IDENTIFIER = "edu.hofstra.HugoRenzzo.Cal-Tests";
				PRODUCT_NAME = "$(TARGET_NAME)";
				SWIFT_VERSION = 4.0;
				TARGETED_DEVICE_FAMILY = "1,2";
				TEST_HOST = "$(BUILT_PRODUCTS_DIR)/Cal+.app/Cal+";
			};
			name = Release;
		};
		A48C1724204CF427001E0650 /* Debug */ = {
			isa = XCBuildConfiguration;
			buildSettings = {
				ALWAYS_EMBED_SWIFT_STANDARD_LIBRARIES = YES;
				CODE_SIGN_STYLE = Automatic;
				DEVELOPMENT_TEAM = NX3GP68LHV;
				INFOPLIST_FILE = "Cal+UITests/Info.plist";
				LD_RUNPATH_SEARCH_PATHS = "$(inherited) @executable_path/Frameworks @loader_path/Frameworks";
				PRODUCT_BUNDLE_IDENTIFIER = "edu.hofstra.HugoRenzzo.Cal-UITests";
				PRODUCT_NAME = "$(TARGET_NAME)";
				SWIFT_VERSION = 4.0;
				TARGETED_DEVICE_FAMILY = "1,2";
				TEST_TARGET_NAME = "Cal+";
			};
			name = Debug;
		};
		A48C1725204CF427001E0650 /* Release */ = {
			isa = XCBuildConfiguration;
			buildSettings = {
				ALWAYS_EMBED_SWIFT_STANDARD_LIBRARIES = YES;
				CODE_SIGN_STYLE = Automatic;
				DEVELOPMENT_TEAM = NX3GP68LHV;
				INFOPLIST_FILE = "Cal+UITests/Info.plist";
				LD_RUNPATH_SEARCH_PATHS = "$(inherited) @executable_path/Frameworks @loader_path/Frameworks";
				PRODUCT_BUNDLE_IDENTIFIER = "edu.hofstra.HugoRenzzo.Cal-UITests";
				PRODUCT_NAME = "$(TARGET_NAME)";
				SWIFT_VERSION = 4.0;
				TARGETED_DEVICE_FAMILY = "1,2";
				TEST_TARGET_NAME = "Cal+";
			};
			name = Release;
		};
/* End XCBuildConfiguration section */

/* Begin XCConfigurationList section */
		A48C16F0204CF426001E0650 /* Build configuration list for PBXProject "Cal+" */ = {
			isa = XCConfigurationList;
			buildConfigurations = (
				A48C171B204CF427001E0650 /* Debug */,
				A48C171C204CF427001E0650 /* Release */,
			);
			defaultConfigurationIsVisible = 0;
			defaultConfigurationName = Release;
		};
		A48C171D204CF427001E0650 /* Build configuration list for PBXNativeTarget "Cal+" */ = {
			isa = XCConfigurationList;
			buildConfigurations = (
				A48C171E204CF427001E0650 /* Debug */,
				A48C171F204CF427001E0650 /* Release */,
			);
			defaultConfigurationIsVisible = 0;
			defaultConfigurationName = Release;
		};
		A48C1720204CF427001E0650 /* Build configuration list for PBXNativeTarget "Cal+Tests" */ = {
			isa = XCConfigurationList;
			buildConfigurations = (
				A48C1721204CF427001E0650 /* Debug */,
				A48C1722204CF427001E0650 /* Release */,
			);
			defaultConfigurationIsVisible = 0;
			defaultConfigurationName = Release;
		};
		A48C1723204CF427001E0650 /* Build configuration list for PBXNativeTarget "Cal+UITests" */ = {
			isa = XCConfigurationList;
			buildConfigurations = (
				A48C1724204CF427001E0650 /* Debug */,
				A48C1725204CF427001E0650 /* Release */,
			);
			defaultConfigurationIsVisible = 0;
			defaultConfigurationName = Release;
		};
/* End XCConfigurationList section */
	};
	rootObject = A48C16ED204CF426001E0650 /* Project object */;
}
